
Microsoft Visual Studio Solution File, Format Version 12.00
# Visual Studio Version 16
VisualStudioVersion = 16.0.30114.105
MinimumVisualStudioVersion = 10.0.40219.1
Project("{FAE04EC0-301F-11D3-BF4B-00C04F79EFBC}") = "SebasApp", "SebasApp\SebasApp.csproj", "{09DB58CB-6020-44C6-A005-7FE15DFF345E}"
EndProject
Project("{FAE04EC0-301F-11D3-BF4B-00C04F79EFBC}") = "SebasAppTests", "SebasAppTests\SebasAppTests.csproj", "{238396EC-95C1-4797-B2EC-28315358373A}"
EndProject
Global
	GlobalSection(SolutionConfigurationPlatforms) = preSolution
		Debug|Any CPU = Debug|Any CPU
		Release|Any CPU = Release|Any CPU
	EndGlobalSection
	GlobalSection(SolutionProperties) = preSolution
		HideSolutionNode = FALSE
	EndGlobalSection
	GlobalSection(ProjectConfigurationPlatforms) = postSolution
		{09DB58CB-6020-44C6-A005-7FE15DFF345E}.Debug|Any CPU.ActiveCfg = Debug|Any CPU
		{09DB58CB-6020-44C6-A005-7FE15DFF345E}.Debug|Any CPU.Build.0 = Debug|Any CPU
		{09DB58CB-6020-44C6-A005-7FE15DFF345E}.Release|Any CPU.ActiveCfg = Release|Any CPU
		{09DB58CB-6020-44C6-A005-7FE15DFF345E}.Release|Any CPU.Build.0 = Release|Any CPU
		{238396EC-95C1-4797-B2EC-28315358373A}.Debug|Any CPU.ActiveCfg = Debug|Any CPU
		{238396EC-95C1-4797-B2EC-28315358373A}.Debug|Any CPU.Build.0 = Debug|Any CPU
		{238396EC-95C1-4797-B2EC-28315358373A}.Release|Any CPU.ActiveCfg = Release|Any CPU
		{238396EC-95C1-4797-B2EC-28315358373A}.Release|Any CPU.Build.0 = Release|Any CPU
	EndGlobalSection
EndGlobal
